
Microsoft Visual Studio Solution File, Format Version 12.00
# Visual Studio Version 16
VisualStudioVersion = 16.0.29409.12
MinimumVisualStudioVersion = 10.0.40219.1
Project("{FAE04EC0-301F-11D3-BF4B-00C04F79EFBC}") = "MikeFinancialPortal", "MikeFinancialPortal\MikeFinancialPortal.csproj", "{D1F46762-ED8E-4D06-9EBB-1D87A94B99E4}"
EndProject
Global
	GlobalSection(SolutionConfigurationPlatforms) = preSolution
		Debug|Any CPU = Debug|Any CPU
		Release|Any CPU = Release|Any CPU
	EndGlobalSection
	GlobalSection(ProjectConfigurationPlatforms) = postSolution
		{D1F46762-ED8E-4D06-9EBB-1D87A94B99E4}.Debug|Any CPU.ActiveCfg = Debug|Any CPU
		{D1F46762-ED8E-4D06-9EBB-1D87A94B99E4}.Debug|Any CPU.Build.0 = Debug|Any CPU
		{D1F46762-ED8E-4D06-9EBB-1D87A94B99E4}.Release|Any CPU.ActiveCfg = Release|Any CPU
		{D1F46762-ED8E-4D06-9EBB-1D87A94B99E4}.Release|Any CPU.Build.0 = Release|Any CPU
	EndGlobalSection
	GlobalSection(SolutionProperties) = preSolution
		HideSolutionNode = FALSE
	EndGlobalSection
	GlobalSection(ExtensibilityGlobals) = postSolution
		SolutionGuid = {F38FAF53-F8B3-4DCD-A5B3-A8D15E1FA9A0}
	EndGlobalSection
EndGlobal
